{
  "name": "codetest1",
  "version": "1.0.0",
  "lockfileVersion": 3,
  "requires": true,
  "author": "",
  "description": "A JavaScript project with Express and Azure AI Inference",
  "license": "ISC",
  "main": "index.js",
  "type": "module",
  "packages": {},
  "scripts": {
    "start": "node index.js"
  }
}
